PODS:
  - RxCocoa (4.3.1):
    - RxSwift (~> 4.0)
  - RxSwift (4.3.1)

DEPENDENCIES:
  - RxCocoa
  - RxSwift

SPEC REPOS:
  https://github.com/cocoapods/specs.git:
    - RxCocoa
    - RxSwift

SPEC CHECKSUMS:
  RxCocoa: 78763c7b07d02455598d9fc3c1ad091a28b73635
  RxSwift: fe0fd770a43acdb7d0a53da411c9b892e69bb6e4

PODFILE CHECKSUM: d5e9bbd013ac10ca083c152d3f2157aea3b48e3c

COCOAPODS: 1.5.3
